// !$*UTF8*$!
{
	archiveVersion = 1;
	classes = {
	};
	objectVersion = 55;
	objects = {

/* Begin PBXBuildFile section */
		3E362FDD2739C5C30012A789 /* AppDataManager.swift in Sources */ = {isa = PBXBuildFile; fileRef = 3E362FDC2739C5C30012A789 /* AppDataManager.swift */; };
		3E4DD2D527381A310047D974 /* Garment.swift in Sources */ = {isa = PBXBuildFile; fileRef = 3E4DD2D427381A310047D974 /* Garment.swift */; };
		3E4DD2D727381A840047D974 /* GarmentListViewModel.swift in Sources */ = {isa = PBXBuildFile; fileRef = 3E4DD2D627381A840047D974 /* GarmentListViewModel.swift */; };
		3E4DD2D927381FA00047D974 /* UITextField+Extension.swift in Sources */ = {isa = PBXBuildFile; fileRef = 3E4DD2D827381FA00047D974 /* UITextField+Extension.swift */; };
		3E4DD2DB273845BA0047D974 /* GarmentListViewModelTests.swift in Sources */ = {isa = PBXBuildFile; fileRef = 3E4DD2DA273845B90047D974 /* GarmentListViewModelTests.swift */; };
		3E4DD2DC2738498A0047D974 /* GarmentListViewModel.swift in Sources */ = {isa = PBXBuildFile; fileRef = 3E4DD2D627381A840047D974 /* GarmentListViewModel.swift */; };
		3E4DD2DD273849930047D974 /* Garment.swift in Sources */ = {isa = PBXBuildFile; fileRef = 3E4DD2D427381A310047D974 /* Garment.swift */; };
		3E4DD2DE273849C50047D974 /* GarmentTableViewCell.swift in Sources */ = {isa = PBXBuildFile; fileRef = 3E7D3E622738162A001A48C8 /* GarmentTableViewCell.swift */; };
		3E4DD2DF273849E70047D974 /* AppRouter.swift in Sources */ = {isa = PBXBuildFile; fileRef = 3E7D3E502738094D001A48C8 /* AppRouter.swift */; };
		3E4DD2E0273849EC0047D974 /* UIViewController+Extension.swift in Sources */ = {isa = PBXBuildFile; fileRef = 3E7D3E53273809C7001A48C8 /* UIViewController+Extension.swift */; };
		3E4DD2E1273849EF0047D974 /* UITableView+Extension.swift in Sources */ = {isa = PBXBuildFile; fileRef = 3E7D3E5527380FA7001A48C8 /* UITableView+Extension.swift */; };
		3E4DD2E2273849F20047D974 /* UITableViewCell+Extension.swift in Sources */ = {isa = PBXBuildFile; fileRef = 3E7D3E5727380FD8001A48C8 /* UITableViewCell+Extension.swift */; };
		3E4DD2E3273849F40047D974 /* UITextField+Extension.swift in Sources */ = {isa = PBXBuildFile; fileRef = 3E4DD2D827381FA00047D974 /* UITextField+Extension.swift */; };
		3E4DD2E527384AAB0047D974 /* AddGarmentViewControllerTests.swift in Sources */ = {isa = PBXBuildFile; fileRef = 3E4DD2E427384AAB0047D974 /* AddGarmentViewControllerTests.swift */; };
		3E4DD2E727384DD30047D974 /* GarmentListViewControllerTests.swift in Sources */ = {isa = PBXBuildFile; fileRef = 3E4DD2E627384DD30047D974 /* GarmentListViewControllerTests.swift */; };
		3E4DD2E9273851730047D974 /* GarmentTableViewCellTests.swift in Sources */ = {isa = PBXBuildFile; fileRef = 3E4DD2E8273851730047D974 /* GarmentTableViewCellTests.swift */; };
		3E7D3E162735D460001A48C8 /* AppDelegate.swift in Sources */ = {isa = PBXBuildFile; fileRef = 3E7D3E152735D460001A48C8 /* AppDelegate.swift */; };
		3E7D3E182735D460001A48C8 /* SceneDelegate.swift in Sources */ = {isa = PBXBuildFile; fileRef = 3E7D3E172735D460001A48C8 /* SceneDelegate.swift */; };
		3E7D3E1D2735D460001A48C8 /* Main.storyboard in Resources */ = {isa = PBXBuildFile; fileRef = 3E7D3E1B2735D460001A48C8 /* Main.storyboard */; };
		3E7D3E1F2735D462001A48C8 /* Assets.xcassets in Resources */ = {isa = PBXBuildFile; fileRef = 3E7D3E1E2735D462001A48C8 /* Assets.xcassets */; };
		3E7D3E222735D462001A48C8 /* LaunchScreen.storyboard in Resources */ = {isa = PBXBuildFile; fileRef = 3E7D3E202735D462001A48C8 /* LaunchScreen.storyboard */; };
		3E7D3E372735D462001A48C8 /* Varfix_Test_AssignmentUITests.swift in Sources */ = {isa = PBXBuildFile; fileRef = 3E7D3E362735D462001A48C8 /* Varfix_Test_AssignmentUITests.swift */; };
		3E7D3E392735D462001A48C8 /* Varfix_Test_AssignmentUITestsLaunchTests.swift in Sources */ = {isa = PBXBuildFile; fileRef = 3E7D3E382735D462001A48C8 /* Varfix_Test_AssignmentUITestsLaunchTests.swift */; };
		3E7D3E482735DD65001A48C8 /* GarmentsListViewController.swift in Sources */ = {isa = PBXBuildFile; fileRef = 3E7D3E472735DD65001A48C8 /* GarmentsListViewController.swift */; };
		3E7D3E492735DD66001A48C8 /* GarmentsListViewController.swift in Sources */ = {isa = PBXBuildFile; fileRef = 3E7D3E472735DD65001A48C8 /* GarmentsListViewController.swift */; };
		3E7D3E4B2735E04F001A48C8 /* AddGarmentViewController.swift in Sources */ = {isa = PBXBuildFile; fileRef = 3E7D3E4A2735E04F001A48C8 /* AddGarmentViewController.swift */; };
		3E7D3E4C2735E04F001A48C8 /* AddGarmentViewController.swift in Sources */ = {isa = PBXBuildFile; fileRef = 3E7D3E4A2735E04F001A48C8 /* AddGarmentViewController.swift */; };
		3E7D3E512738094D001A48C8 /* AppRouter.swift in Sources */ = {isa = PBXBuildFile; fileRef = 3E7D3E502738094D001A48C8 /* AppRouter.swift */; };
		3E7D3E54273809C7001A48C8 /* UIViewController+Extension.swift in Sources */ = {isa = PBXBuildFile; fileRef = 3E7D3E53273809C7001A48C8 /* UIViewController+Extension.swift */; };
		3E7D3E5627380FA7001A48C8 /* UITableView+Extension.swift in Sources */ = {isa = PBXBuildFile; fileRef = 3E7D3E5527380FA7001A48C8 /* UITableView+Extension.swift */; };
		3E7D3E5827380FD9001A48C8 /* UITableViewCell+Extension.swift in Sources */ = {isa = PBXBuildFile; fileRef = 3E7D3E5727380FD8001A48C8 /* UITableViewCell+Extension.swift */; };
		3E7D3E5F273811E4001A48C8 /* AddGarment.storyboard in Resources */ = {isa = PBXBuildFile; fileRef = 3E7D3E5E273811E4001A48C8 /* AddGarment.storyboard */; };
		3E7D3E642738162A001A48C8 /* GarmentTableViewCell.swift in Sources */ = {isa = PBXBuildFile; fileRef = 3E7D3E622738162A001A48C8 /* GarmentTableViewCell.swift */; };
		3E7D3E652738162A001A48C8 /* GarmentTableViewCell.xib in Resources */ = {isa = PBXBuildFile; fileRef = 3E7D3E632738162A001A48C8 /* GarmentTableViewCell.xib */; };
/* End PBXBuildFile section */

/* Begin PBXContainerItemProxy section */
		3E7D3E292735D462001A48C8 /* PBXContainerItemProxy */ = {
			isa = PBXContainerItemProxy;
			containerPortal = 3E7D3E0A2735D460001A48C8 /* Project object */;
			proxyType = 1;
			remoteGlobalIDString = 3E7D3E112735D460001A48C8;
			remoteInfo = "Varfix-Test-Assignment";
		};
		3E7D3E332735D462001A48C8 /* PBXContainerItemProxy */ = {
			isa = PBXContainerItemProxy;
			containerPortal = 3E7D3E0A2735D460001A48C8 /* Project object */;
			proxyType = 1;
			remoteGlobalIDString = 3E7D3E112735D460001A48C8;
			remoteInfo = "Varfix-Test-Assignment";
		};
/* End PBXContainerItemProxy section */

/* Begin PBXFileReference section */
		3E362FDC2739C5C30012A789 /* AppDataManager.swift */ = {isa = PBXFileReference; lastKnownFileType = sourcecode.swift; path = AppDataManager.swift; sourceTree = "<group>"; };
		3E4DD2D427381A310047D974 /* Garment.swift */ = {isa = PBXFileReference; lastKnownFileType = sourcecode.swift; path = Garment.swift; sourceTree = "<group>"; };
		3E4DD2D627381A840047D974 /* GarmentListViewModel.swift */ = {isa = PBXFileReference; lastKnownFileType = sourcecode.swift; path = GarmentListViewModel.swift; sourceTree = "<group>"; };
		3E4DD2D827381FA00047D974 /* UITextField+Extension.swift */ = {isa = PBXFileReference; lastKnownFileType = sourcecode.swift; path = "UITextField+Extension.swift"; sourceTree = "<group>"; };
		3E4DD2DA273845B90047D974 /* GarmentListViewModelTests.swift */ = {isa = PBXFileReference; lastKnownFileType = sourcecode.swift; path = GarmentListViewModelTests.swift; sourceTree = "<group>"; };
		3E4DD2E427384AAB0047D974 /* AddGarmentViewControllerTests.swift */ = {isa = PBXFileReference; lastKnownFileType = sourcecode.swift; path = AddGarmentViewControllerTests.swift; sourceTree = "<group>"; };
		3E4DD2E627384DD30047D974 /* GarmentListViewControllerTests.swift */ = {isa = PBXFileReference; lastKnownFileType = sourcecode.swift; path = GarmentListViewControllerTests.swift; sourceTree = "<group>"; };
		3E4DD2E8273851730047D974 /* GarmentTableViewCellTests.swift */ = {isa = PBXFileReference; lastKnownFileType = sourcecode.swift; path = GarmentTableViewCellTests.swift; sourceTree = "<group>"; };
		3E7D3E122735D460001A48C8 /* Varfix-Test-Assignment.app */ = {isa = PBXFileReference; explicitFileType = wrapper.application; includeInIndex = 0; path = "Varfix-Test-Assignment.app"; sourceTree = BUILT_PRODUCTS_DIR; };
		3E7D3E152735D460001A48C8 /* AppDelegate.swift */ = {isa = PBXFileReference; lastKnownFileType = sourcecode.swift; path = AppDelegate.swift; sourceTree = "<group>"; };
		3E7D3E172735D460001A48C8 /* SceneDelegate.swift */ = {isa = PBXFileReference; lastKnownFileType = sourcecode.swift; path = SceneDelegate.swift; sourceTree = "<group>"; };
		3E7D3E1C2735D460001A48C8 /* Base */ = {isa = PBXFileReference; lastKnownFileType = file.storyboard; name = Base; path = Base.lproj/Main.storyboard; sourceTree = "<group>"; };
		3E7D3E1E2735D462001A48C8 /* Assets.xcassets */ = {isa = PBXFileReference; lastKnownFileType = folder.assetcatalog; path = Assets.xcassets; sourceTree = "<group>"; };
		3E7D3E212735D462001A48C8 /* Base */ = {isa = PBXFileReference; lastKnownFileType = file.storyboard; name = Base; path = Base.lproj/LaunchScreen.storyboard; sourceTree = "<group>"; };
		3E7D3E232735D462001A48C8 /* Info.plist */ = {isa = PBXFileReference; lastKnownFileType = text.plist.xml; path = Info.plist; sourceTree = "<group>"; };
		3E7D3E282735D462001A48C8 /* Varfix-Test-AssignmentTests.xctest */ = {isa = PBXFileReference; explicitFileType = wrapper.cfbundle; includeInIndex = 0; path = "Varfix-Test-AssignmentTests.xctest"; sourceTree = BUILT_PRODUCTS_DIR; };
		3E7D3E322735D462001A48C8 /* Varfix-Test-AssignmentUITests.xctest */ = {isa = PBXFileReference; explicitFileType = wrapper.cfbundle; includeInIndex = 0; path = "Varfix-Test-AssignmentUITests.xctest"; sourceTree = BUILT_PRODUCTS_DIR; };
		3E7D3E362735D462001A48C8 /* Varfix_Test_AssignmentUITests.swift */ = {isa = PBXFileReference; lastKnownFileType = sourcecode.swift; path = Varfix_Test_AssignmentUITests.swift; sourceTree = "<group>"; };
		3E7D3E382735D462001A48C8 /* Varfix_Test_AssignmentUITestsLaunchTests.swift */ = {isa = PBXFileReference; lastKnownFileType = sourcecode.swift; path = Varfix_Test_AssignmentUITestsLaunchTests.swift; sourceTree = "<group>"; };
		3E7D3E472735DD65001A48C8 /* GarmentsListViewController.swift */ = {isa = PBXFileReference; lastKnownFileType = sourcecode.swift; path = GarmentsListViewController.swift; sourceTree = "<group>"; };
		3E7D3E4A2735E04F001A48C8 /* AddGarmentViewController.swift */ = {isa = PBXFileReference; lastKnownFileType = sourcecode.swift; path = AddGarmentViewController.swift; sourceTree = "<group>"; };
		3E7D3E502738094D001A48C8 /* AppRouter.swift */ = {isa = PBXFileReference; lastKnownFileType = sourcecode.swift; path = AppRouter.swift; sourceTree = "<group>"; };
		3E7D3E53273809C7001A48C8 /* UIViewController+Extension.swift */ = {isa = PBXFileReference; lastKnownFileType = sourcecode.swift; path = "UIViewController+Extension.swift"; sourceTree = "<group>"; };
		3E7D3E5527380FA7001A48C8 /* UITableView+Extension.swift */ = {isa = PBXFileReference; lastKnownFileType = sourcecode.swift; path = "UITableView+Extension.swift"; sourceTree = "<group>"; };
		3E7D3E5727380FD8001A48C8 /* UITableViewCell+Extension.swift */ = {isa = PBXFileReference; lastKnownFileType = sourcecode.swift; path = "UITableViewCell+Extension.swift"; sourceTree = "<group>"; };
		3E7D3E5E273811E4001A48C8 /* AddGarment.storyboard */ = {isa = PBXFileReference; lastKnownFileType = file.storyboard; path = AddGarment.storyboard; sourceTree = "<group>"; };
		3E7D3E622738162A001A48C8 /* GarmentTableViewCell.swift */ = {isa = PBXFileReference; lastKnownFileType = sourcecode.swift; path = GarmentTableViewCell.swift; sourceTree = "<group>"; };
		3E7D3E632738162A001A48C8 /* GarmentTableViewCell.xib */ = {isa = PBXFileReference; lastKnownFileType = file.xib; path = GarmentTableViewCell.xib; sourceTree = "<group>"; };
/* End PBXFileReference section */

/* Begin PBXFrameworksBuildPhase section */
		3E7D3E0F2735D460001A48C8 /* Frameworks */ = {
			isa = PBXFrameworksBuildPhase;
			buildActionMask = 2147483647;
			files = (
			);
			runOnlyForDeploymentPostprocessing = 0;
		};
		3E7D3E252735D462001A48C8 /* Frameworks */ = {
			isa = PBXFrameworksBuildPhase;
			buildActionMask = 2147483647;
			files = (
			);
			runOnlyForDeploymentPostprocessing = 0;
		};
		3E7D3E2F2735D462001A48C8 /* Frameworks */ = {
			isa = PBXFrameworksBuildPhase;
			buildActionMask = 2147483647;
			files = (
			);
			runOnlyForDeploymentPostprocessing = 0;
		};
/* End PBXFrameworksBuildPhase section */

/* Begin PBXGroup section */
		3E362FDB2739C5B10012A789 /* AppDataManager */ = {
			isa = PBXGroup;
			children = (
				3E362FDC2739C5C30012A789 /* AppDataManager.swift */,
			);
			path = AppDataManager;
			sourceTree = "<group>";
		};
		3E4DD2D227381A0A0047D974 /* Models */ = {
			isa = PBXGroup;
			children = (
				3E4DD2D427381A310047D974 /* Garment.swift */,
			);
			path = Models;
			sourceTree = "<group>";
		};
		3E4DD2D327381A140047D974 /* ViewModels */ = {
			isa = PBXGroup;
			children = (
				3E4DD2D627381A840047D974 /* GarmentListViewModel.swift */,
			);
			path = ViewModels;
			sourceTree = "<group>";
		};
		3E7D3E092735D460001A48C8 = {
			isa = PBXGroup;
			children = (
				3E7D3E142735D460001A48C8 /* Varfix-Test-Assignment */,
				3E7D3E2B2735D462001A48C8 /* Varfix-Test-AssignmentTests */,
				3E7D3E352735D462001A48C8 /* Varfix-Test-AssignmentUITests */,
				3E7D3E132735D460001A48C8 /* Products */,
			);
			sourceTree = "<group>";
		};
		3E7D3E132735D460001A48C8 /* Products */ = {
			isa = PBXGroup;
			children = (
				3E7D3E122735D460001A48C8 /* Varfix-Test-Assignment.app */,
				3E7D3E282735D462001A48C8 /* Varfix-Test-AssignmentTests.xctest */,
				3E7D3E322735D462001A48C8 /* Varfix-Test-AssignmentUITests.xctest */,
			);
			name = Products;
			sourceTree = "<group>";
		};
		3E7D3E142735D460001A48C8 /* Varfix-Test-Assignment */ = {
			isa = PBXGroup;
			children = (
				3E362FDB2739C5B10012A789 /* AppDataManager */,
				3E7D3E52273809AB001A48C8 /* Extensions */,
				3E7D3E4F2738093D001A48C8 /* AppRouter */,
				3E7D3E5B273811A3001A48C8 /* AddGarment */,
				3E7D3E462735DD40001A48C8 /* GarmentList */,
				3E7D3E452735DD17001A48C8 /* AppDelegate */,
				3E7D3E1E2735D462001A48C8 /* Assets.xcassets */,
				3E7D3E202735D462001A48C8 /* LaunchScreen.storyboard */,
				3E7D3E232735D462001A48C8 /* Info.plist */,
			);
			path = "Varfix-Test-Assignment";
			sourceTree = "<group>";
		};
		3E7D3E2B2735D462001A48C8 /* Varfix-Test-AssignmentTests */ = {
			isa = PBXGroup;
			children = (
				3E4DD2DA273845B90047D974 /* GarmentListViewModelTests.swift */,
				3E4DD2E427384AAB0047D974 /* AddGarmentViewControllerTests.swift */,
				3E4DD2E627384DD30047D974 /* GarmentListViewControllerTests.swift */,
				3E4DD2E8273851730047D974 /* GarmentTableViewCellTests.swift */,
			);
			path = "Varfix-Test-AssignmentTests";
			sourceTree = "<group>";
		};
		3E7D3E352735D462001A48C8 /* Varfix-Test-AssignmentUITests */ = {
			isa = PBXGroup;
			children = (
				3E7D3E362735D462001A48C8 /* Varfix_Test_AssignmentUITests.swift */,
				3E7D3E382735D462001A48C8 /* Varfix_Test_AssignmentUITestsLaunchTests.swift */,
			);
			path = "Varfix-Test-AssignmentUITests";
			sourceTree = "<group>";
		};
		3E7D3E452735DD17001A48C8 /* AppDelegate */ = {
			isa = PBXGroup;
			children = (
				3E7D3E152735D460001A48C8 /* AppDelegate.swift */,
				3E7D3E172735D460001A48C8 /* SceneDelegate.swift */,
			);
			path = AppDelegate;
			sourceTree = "<group>";
		};
		3E7D3E462735DD40001A48C8 /* GarmentList */ = {
			isa = PBXGroup;
			children = (
				3E4DD2D327381A140047D974 /* ViewModels */,
				3E4DD2D227381A0A0047D974 /* Models */,
				3E7D3E6027381602001A48C8 /* Components */,
				3E7D3E5A27381032001A48C8 /* Controller */,
				3E7D3E5927381023001A48C8 /* Interface */,
			);
			path = GarmentList;
			sourceTree = "<group>";
		};
		3E7D3E4F2738093D001A48C8 /* AppRouter */ = {
			isa = PBXGroup;
			children = (
				3E7D3E502738094D001A48C8 /* AppRouter.swift */,
			);
			path = AppRouter;
			sourceTree = "<group>";
		};
		3E7D3E52273809AB001A48C8 /* Extensions */ = {
			isa = PBXGroup;
			children = (
				3E7D3E53273809C7001A48C8 /* UIViewController+Extension.swift */,
				3E7D3E5527380FA7001A48C8 /* UITableView+Extension.swift */,
				3E7D3E5727380FD8001A48C8 /* UITableViewCell+Extension.swift */,
				3E4DD2D827381FA00047D974 /* UITextField+Extension.swift */,
			);
			path = Extensions;
			sourceTree = "<group>";
		};
		3E7D3E5927381023001A48C8 /* Interface */ = {
			isa = PBXGroup;
			children = (
				3E7D3E1B2735D460001A48C8 /* Main.storyboard */,
			);
			path = Interface;
			sourceTree = "<group>";
		};
		3E7D3E5A27381032001A48C8 /* Controller */ = {
			isa = PBXGroup;
			children = (
				3E7D3E472735DD65001A48C8 /* GarmentsListViewController.swift */,
			);
			path = Controller;
			sourceTree = "<group>";
		};
		3E7D3E5B273811A3001A48C8 /* AddGarment */ = {
			isa = PBXGroup;
			children = (
				3E7D3E5D273811C1001A48C8 /* Controller */,
				3E7D3E5C273811B8001A48C8 /* Interface */,
			);
			path = AddGarment;
			sourceTree = "<group>";
		};
		3E7D3E5C273811B8001A48C8 /* Interface */ = {
			isa = PBXGroup;
			children = (
				3E7D3E5E273811E4001A48C8 /* AddGarment.storyboard */,
			);
			path = Interface;
			sourceTree = "<group>";
		};
		3E7D3E5D273811C1001A48C8 /* Controller */ = {
			isa = PBXGroup;
			children = (
				3E7D3E4A2735E04F001A48C8 /* AddGarmentViewController.swift */,
			);
			path = Controller;
			sourceTree = "<group>";
		};
		3E7D3E6027381602001A48C8 /* Components */ = {
			isa = PBXGroup;
			children = (
				3E7D3E612738160D001A48C8 /* Cells */,
			);
			path = Components;
			sourceTree = "<group>";
		};
		3E7D3E612738160D001A48C8 /* Cells */ = {
			isa = PBXGroup;
			children = (
				3E7D3E622738162A001A48C8 /* GarmentTableViewCell.swift */,
				3E7D3E632738162A001A48C8 /* GarmentTableViewCell.xib */,
			);
			path = Cells;
			sourceTree = "<group>";
		};
/* End PBXGroup section */

/* Begin PBXNativeTarget section */
		3E7D3E112735D460001A48C8 /* Varfix-Test-Assignment */ = {
			isa = PBXNativeTarget;
			buildConfigurationList = 3E7D3E3C2735D462001A48C8 /* Build configuration list for PBXNativeTarget "Varfix-Test-Assignment" */;
			buildPhases = (
				3E7D3E0E2735D460001A48C8 /* Sources */,
				3E7D3E0F2735D460001A48C8 /* Frameworks */,
				3E7D3E102735D460001A48C8 /* Resources */,
			);
			buildRules = (
			);
			dependencies = (
			);
			name = "Varfix-Test-Assignment";
			productName = "Varfix-Test-Assignment";
			productReference = 3E7D3E122735D460001A48C8 /* Varfix-Test-Assignment.app */;
			productType = "com.apple.product-type.application";
		};
		3E7D3E272735D462001A48C8 /* Varfix-Test-AssignmentTests */ = {
			isa = PBXNativeTarget;
			buildConfigurationList = 3E7D3E3F2735D462001A48C8 /* Build configuration list for PBXNativeTarget "Varfix-Test-AssignmentTests" */;
			buildPhases = (
				3E7D3E242735D462001A48C8 /* Sources */,
				3E7D3E252735D462001A48C8 /* Frameworks */,
				3E7D3E262735D462001A48C8 /* Resources */,
			);
			buildRules = (
			);
			dependencies = (
				3E7D3E2A2735D462001A48C8 /* PBXTargetDependency */,
			);
			name = "Varfix-Test-AssignmentTests";
			productName = "Varfix-Test-AssignmentTests";
			productReference = 3E7D3E282735D462001A48C8 /* Varfix-Test-AssignmentTests.xctest */;
			productType = "com.apple.product-type.bundle.unit-test";
		};
		3E7D3E312735D462001A48C8 /* Varfix-Test-AssignmentUITests */ = {
			isa = PBXNativeTarget;
			buildConfigurationList = 3E7D3E422735D462001A48C8 /* Build configuration list for PBXNativeTarget "Varfix-Test-AssignmentUITests" */;
			buildPhases = (
				3E7D3E2E2735D462001A48C8 /* Sources */,
				3E7D3E2F2735D462001A48C8 /* Frameworks */,
				3E7D3E302735D462001A48C8 /* Resources */,
			);
			buildRules = (
			);
			dependencies = (
				3E7D3E342735D462001A48C8 /* PBXTargetDependency */,
			);
			name = "Varfix-Test-AssignmentUITests";
			productName = "Varfix-Test-AssignmentUITests";
			productReference = 3E7D3E322735D462001A48C8 /* Varfix-Test-AssignmentUITests.xctest */;
			productType = "com.apple.product-type.bundle.ui-testing";
		};
/* End PBXNativeTarget section */

/* Begin PBXProject section */
		3E7D3E0A2735D460001A48C8 /* Project object */ = {
			isa = PBXProject;
			attributes = {
				BuildIndependentTargetsInParallel = 1;
				LastSwiftUpdateCheck = 1310;
				LastUpgradeCheck = 1310;
				TargetAttributes = {
					3E7D3E112735D460001A48C8 = {
						CreatedOnToolsVersion = 13.1;
					};
					3E7D3E272735D462001A48C8 = {
						CreatedOnToolsVersion = 13.1;
						TestTargetID = 3E7D3E112735D460001A48C8;
					};
					3E7D3E312735D462001A48C8 = {
						CreatedOnToolsVersion = 13.1;
						TestTargetID = 3E7D3E112735D460001A48C8;
					};
				};
			};
			buildConfigurationList = 3E7D3E0D2735D460001A48C8 /* Build configuration list for PBXProject "Varfix-Test-Assignment" */;
			compatibilityVersion = "Xcode 13.0";
			developmentRegion = en;
			hasScannedForEncodings = 0;
			knownRegions = (
				en,
				Base,
			);
			mainGroup = 3E7D3E092735D460001A48C8;
			productRefGroup = 3E7D3E132735D460001A48C8 /* Products */;
			projectDirPath = "";
			projectRoot = "";
			targets = (
				3E7D3E112735D460001A48C8 /* Varfix-Test-Assignment */,
				3E7D3E272735D462001A48C8 /* Varfix-Test-AssignmentTests */,
				3E7D3E312735D462001A48C8 /* Varfix-Test-AssignmentUITests */,
			);
		};
/* End PBXProject section */

/* Begin PBXResourcesBuildPhase section */
		3E7D3E102735D460001A48C8 /* Resources */ = {
			isa = PBXResourcesBuildPhase;
			buildActionMask = 2147483647;
			files = (
				3E7D3E222735D462001A48C8 /* LaunchScreen.storyboard in Resources */,
				3E7D3E1F2735D462001A48C8 /* Assets.xcassets in Resources */,
				3E7D3E1D2735D460001A48C8 /* Main.storyboard in Resources */,
				3E7D3E5F273811E4001A48C8 /* AddGarment.storyboard in Resources */,
				3E7D3E652738162A001A48C8 /* GarmentTableViewCell.xib in Resources */,
			);
			runOnlyForDeploymentPostprocessing = 0;
		};
		3E7D3E262735D462001A48C8 /* Resources */ = {
			isa = PBXResourcesBuildPhase;
			buildActionMask = 2147483647;
			files = (
			);
			runOnlyForDeploymentPostprocessing = 0;
		};
		3E7D3E302735D462001A48C8 /* Resources */ = {
			isa = PBXResourcesBuildPhase;
			buildActionMask = 2147483647;
			files = (
			);
			runOnlyForDeploymentPostprocessing = 0;
		};
/* End PBXResourcesBuildPhase section */

/* Begin PBXSourcesBuildPhase section */
		3E7D3E0E2735D460001A48C8 /* Sources */ = {
			isa = PBXSourcesBuildPhase;
			buildActionMask = 2147483647;
			files = (
				3E7D3E54273809C7001A48C8 /* UIViewController+Extension.swift in Sources */,
				3E7D3E162735D460001A48C8 /* AppDelegate.swift in Sources */,
				3E4DD2D527381A310047D974 /* Garment.swift in Sources */,
				3E4DD2D727381A840047D974 /* GarmentListViewModel.swift in Sources */,
				3E7D3E5627380FA7001A48C8 /* UITableView+Extension.swift in Sources */,
				3E7D3E5827380FD9001A48C8 /* UITableViewCell+Extension.swift in Sources */,
				3E7D3E182735D460001A48C8 /* SceneDelegate.swift in Sources */,
				3E362FDD2739C5C30012A789 /* AppDataManager.swift in Sources */,
				3E7D3E4B2735E04F001A48C8 /* AddGarmentViewController.swift in Sources */,
				3E7D3E642738162A001A48C8 /* GarmentTableViewCell.swift in Sources */,
				3E4DD2D927381FA00047D974 /* UITextField+Extension.swift in Sources */,
				3E7D3E512738094D001A48C8 /* AppRouter.swift in Sources */,
				3E7D3E482735DD65001A48C8 /* GarmentsListViewController.swift in Sources */,
			);
			runOnlyForDeploymentPostprocessing = 0;
		};
		3E7D3E242735D462001A48C8 /* Sources */ = {
			isa = PBXSourcesBuildPhase;
			buildActionMask = 2147483647;
			files = (
				3E4DD2E727384DD30047D974 /* GarmentListViewControllerTests.swift in Sources */,
				3E4DD2E527384AAB0047D974 /* AddGarmentViewControllerTests.swift in Sources */,
				3E4DD2E0273849EC0047D974 /* UIViewController+Extension.swift in Sources */,
				3E7D3E492735DD66001A48C8 /* GarmentsListViewController.swift in Sources */,
				3E4DD2DE273849C50047D974 /* GarmentTableViewCell.swift in Sources */,
				3E4DD2DD273849930047D974 /* Garment.swift in Sources */,
				3E4DD2E9273851730047D974 /* GarmentTableViewCellTests.swift in Sources */,
				3E4DD2DF273849E70047D974 /* AppRouter.swift in Sources */,
				3E4DD2E2273849F20047D974 /* UITableViewCell+Extension.swift in Sources */,
				3E7D3E4C2735E04F001A48C8 /* AddGarmentViewController.swift in Sources */,
				3E4DD2E1273849EF0047D974 /* UITableView+Extension.swift in Sources */,
				3E4DD2E3273849F40047D974 /* UITextField+Extension.swift in Sources */,
				3E4DD2DC2738498A0047D974 /* GarmentListViewModel.swift in Sources */,
				3E4DD2DB273845BA0047D974 /* GarmentListViewModelTests.swift in Sources */,
			);
			runOnlyForDeploymentPostprocessing = 0;
		};
		3E7D3E2E2735D462001A48C8 /* Sources */ = {
			isa = PBXSourcesBuildPhase;
			buildActionMask = 2147483647;
			files = (
				3E7D3E372735D462001A48C8 /* Varfix_Test_AssignmentUITests.swift in Sources */,
				3E7D3E392735D462001A48C8 /* Varfix_Test_AssignmentUITestsLaunchTests.swift in Sources */,
			);
			runOnlyForDeploymentPostprocessing = 0;
		};
/* End PBXSourcesBuildPhase section */

/* Begin PBXTargetDependency section */
		3E7D3E2A2735D462001A48C8 /* PBXTargetDependency */ = {
			isa = PBXTargetDependency;
			target = 3E7D3E112735D460001A48C8 /* Varfix-Test-Assignment */;
			targetProxy = 3E7D3E292735D462001A48C8 /* PBXContainerItemProxy */;
		};
		3E7D3E342735D462001A48C8 /* PBXTargetDependency */ = {
			isa = PBXTargetDependency;
			target = 3E7D3E112735D460001A48C8 /* Varfix-Test-Assignment */;
			targetProxy = 3E7D3E332735D462001A48C8 /* PBXContainerItemProxy */;
		};
/* End PBXTargetDependency section */

/* Begin PBXVariantGroup section */
		3E7D3E1B2735D460001A48C8 /* Main.storyboard */ = {
			isa = PBXVariantGroup;
			children = (
				3E7D3E1C2735D460001A48C8 /* Base */,
			);
			name = Main.storyboard;
			sourceTree = "<group>";
		};
		3E7D3E202735D462001A48C8 /* LaunchScreen.storyboard */ = {
			isa = PBXVariantGroup;
			children = (
				3E7D3E212735D462001A48C8 /* Base */,
			);
			name = LaunchScreen.storyboard;
			sourceTree = "<group>";
		};
/* End PBXVariantGroup section */

/* Begin XCBuildConfiguration section */
		3E7D3E3A2735D462001A48C8 /* Debug */ = {
			isa = XCBuildConfiguration;
			buildSettings = {
				ALWAYS_SEARCH_USER_PATHS = NO;
				CLANG_ANALYZER_NONNULL = YES;
				CLANG_ANALYZER_NUMBER_OBJECT_CONVERSION = YES_AGGRESSIVE;
				CLANG_CXX_LANGUAGE_STANDARD = "gnu++17";
				CLANG_CXX_LIBRARY = "libc++";
				CLANG_ENABLE_MODULES = YES;
				CLANG_ENABLE_OBJC_ARC = YES;
				CLANG_ENABLE_OBJC_WEAK = YES;
				CLANG_WARN_BLOCK_CAPTURE_AUTORELEASING = YES;
				CLANG_WARN_BOOL_CONVERSION = YES;
				CLANG_WARN_COMMA = YES;
				CLANG_WARN_CONSTANT_CONVERSION = YES;
				CLANG_WARN_DEPRECATED_OBJC_IMPLEMENTATIONS = YES;
				CLANG_WARN_DIRECT_OBJC_ISA_USAGE = YES_ERROR;
				CLANG_WARN_DOCUMENTATION_COMMENTS = YES;
				CLANG_WARN_EMPTY_BODY = YES;
				CLANG_WARN_ENUM_CONVERSION = YES;
				CLANG_WARN_INFINITE_RECURSION = YES;
				CLANG_WARN_INT_CONVERSION = YES;
				CLANG_WARN_NON_LITERAL_NULL_CONVERSION = YES;
				CLANG_WARN_OBJC_IMPLICIT_RETAIN_SELF = YES;
				CLANG_WARN_OBJC_LITERAL_CONVERSION = YES;
				CLANG_WARN_OBJC_ROOT_CLASS = YES_ERROR;
				CLANG_WARN_QUOTED_INCLUDE_IN_FRAMEWORK_HEADER = YES;
				CLANG_WARN_RANGE_LOOP_ANALYSIS = YES;
				CLANG_WARN_STRICT_PROTOTYPES = YES;
				CLANG_WARN_SUSPICIOUS_MOVE = YES;
				CLANG_WARN_UNGUARDED_AVAILABILITY = YES_AGGRESSIVE;
				CLANG_WARN_UNREACHABLE_CODE = YES;
				CLANG_WARN__DUPLICATE_METHOD_MATCH = YES;
				COPY_PHASE_STRIP = NO;
				DEBUG_INFORMATION_FORMAT = dwarf;
				ENABLE_STRICT_OBJC_MSGSEND = YES;
				ENABLE_TESTABILITY = YES;
				GCC_C_LANGUAGE_STANDARD = gnu11;
				GCC_DYNAMIC_NO_PIC = NO;
				GCC_NO_COMMON_BLOCKS = YES;
				GCC_OPTIMIZATION_LEVEL = 0;
				GCC_PREPROCESSOR_DEFINITIONS = (
					"DEBUG=1",
					"$(inherited)",
				);
				GCC_WARN_64_TO_32_BIT_CONVERSION = YES;
				GCC_WARN_ABOUT_RETURN_TYPE = YES_ERROR;
				GCC_WARN_UNDECLARED_SELECTOR = YES;
				GCC_WARN_UNINITIALIZED_AUTOS = YES_AGGRESSIVE;
				GCC_WARN_UNUSED_FUNCTION = YES;
				GCC_WARN_UNUSED_VARIABLE = YES;
				IPHONEOS_DEPLOYMENT_TARGET = 15.0;
				MTL_ENABLE_DEBUG_INFO = INCLUDE_SOURCE;
				MTL_FAST_MATH = YES;
				ONLY_ACTIVE_ARCH = YES;
				SDKROOT = iphoneos;
				SWIFT_ACTIVE_COMPILATION_CONDITIONS = DEBUG;
				SWIFT_OPTIMIZATION_LEVEL = "-Onone";
			};
			name = Debug;
		};
		3E7D3E3B2735D462001A48C8 /* Release */ = {
			isa = XCBuildConfiguration;
			buildSettings = {
				ALWAYS_SEARCH_USER_PATHS = NO;
				CLANG_ANALYZER_NONNULL = YES;
				CLANG_ANALYZER_NUMBER_OBJECT_CONVERSION = YES_AGGRESSIVE;
				CLANG_CXX_LANGUAGE_STANDARD = "gnu++17";
				CLANG_CXX_LIBRARY = "libc++";
				CLANG_ENABLE_MODULES = YES;
				CLANG_ENABLE_OBJC_ARC = YES;
				CLANG_ENABLE_OBJC_WEAK = YES;
				CLANG_WARN_BLOCK_CAPTURE_AUTORELEASING = YES;
				CLANG_WARN_BOOL_CONVERSION = YES;
				CLANG_WARN_COMMA = YES;
				CLANG_WARN_CONSTANT_CONVERSION = YES;
				CLANG_WARN_DEPRECATED_OBJC_IMPLEMENTATIONS = YES;
				CLANG_WARN_DIRECT_OBJC_ISA_USAGE = YES_ERROR;
				CLANG_WARN_DOCUMENTATION_COMMENTS = YES;
				CLANG_WARN_EMPTY_BODY = YES;
				CLANG_WARN_ENUM_CONVERSION = YES;
				CLANG_WARN_INFINITE_RECURSION = YES;
				CLANG_WARN_INT_CONVERSION = YES;
				CLANG_WARN_NON_LITERAL_NULL_CONVERSION = YES;
				CLANG_WARN_OBJC_IMPLICIT_RETAIN_SELF = YES;
				CLANG_WARN_OBJC_LITERAL_CONVERSION = YES;
				CLANG_WARN_OBJC_ROOT_CLASS = YES_ERROR;
				CLANG_WARN_QUOTED_INCLUDE_IN_FRAMEWORK_HEADER = YES;
				CLANG_WARN_RANGE_LOOP_ANALYSIS = YES;
				CLANG_WARN_STRICT_PROTOTYPES = YES;
				CLANG_WARN_SUSPICIOUS_MOVE = YES;
				CLANG_WARN_UNGUARDED_AVAILABILITY = YES_AGGRESSIVE;
				CLANG_WARN_UNREACHABLE_CODE = YES;
				CLANG_WARN__DUPLICATE_METHOD_MATCH = YES;
				COPY_PHASE_STRIP = NO;
				DEBUG_INFORMATION_FORMAT = "dwarf-with-dsym";
				ENABLE_NS_ASSERTIONS = NO;
				ENABLE_STRICT_OBJC_MSGSEND = YES;
				GCC_C_LANGUAGE_STANDARD = gnu11;
				GCC_NO_COMMON_BLOCKS = YES;
				GCC_WARN_64_TO_32_BIT_CONVERSION = YES;
				GCC_WARN_ABOUT_RETURN_TYPE = YES_ERROR;
				GCC_WARN_UNDECLARED_SELECTOR = YES;
				GCC_WARN_UNINITIALIZED_AUTOS = YES_AGGRESSIVE;
				GCC_WARN_UNUSED_FUNCTION = YES;
				GCC_WARN_UNUSED_VARIABLE = YES;
				IPHONEOS_DEPLOYMENT_TARGET = 15.0;
				MTL_ENABLE_DEBUG_INFO = NO;
				MTL_FAST_MATH = YES;
				SDKROOT = iphoneos;
				SWIFT_COMPILATION_MODE = wholemodule;
				SWIFT_OPTIMIZATION_LEVEL = "-O";
				VALIDATE_PRODUCT = YES;
			};
			name = Release;
		};
		3E7D3E3D2735D462001A48C8 /* Debug */ = {
			isa = XCBuildConfiguration;
			buildSettings = {
				ASSETCATALOG_COMPILER_APPICON_NAME = AppIcon;
				ASSETCATALOG_COMPILER_GLOBAL_ACCENT_COLOR_NAME = AccentColor;
				CODE_SIGN_STYLE = Automatic;
				CURRENT_PROJECT_VERSION = 1;
				DEVELOPMENT_TEAM = 9PGNALUY6R;
				GENERATE_INFOPLIST_FILE = YES;
				INFOPLIST_FILE = "Varfix-Test-Assignment/Info.plist";
				INFOPLIST_KEY_UIApplicationSupportsIndirectInputEvents = YES;
				INFOPLIST_KEY_UILaunchStoryboardName = LaunchScreen;
				INFOPLIST_KEY_UIMainStoryboardFile = Main;
				INFOPLIST_KEY_UISupportedInterfaceOrientations_iPad = "UIInterfaceOrientationPortrait UIInterfaceOrientationPortraitUpsideDown UIInterfaceOrientationLandscapeLeft UIInterfaceOrientationLandscapeRight";
				INFOPLIST_KEY_UISupportedInterfaceOrientations_iPhone = "UIInterfaceOrientationPortrait UIInterfaceOrientationLandscapeLeft UIInterfaceOrientationLandscapeRight";
				LD_RUNPATH_SEARCH_PATHS = (
					"$(inherited)",
					"@executable_path/Frameworks",
				);
				MARKETING_VERSION = 1.0;
				PRODUCT_BUNDLE_IDENTIFIER = "com.my.Varfix-Test-Assignment";
				PRODUCT_NAME = "$(TARGET_NAME)";
				SWIFT_EMIT_LOC_STRINGS = YES;
				SWIFT_VERSION = 5.0;
				TARGETED_DEVICE_FAMILY = "1,2";
			};
			name = Debug;
		};
		3E7D3E3E2735D462001A48C8 /* Release */ = {
			isa = XCBuildConfiguration;
			buildSettings = {
				ASSETCATALOG_COMPILER_APPICON_NAME = AppIcon;
				ASSETCATALOG_COMPILER_GLOBAL_ACCENT_COLOR_NAME = AccentColor;
				CODE_SIGN_STYLE = Automatic;
				CURRENT_PROJECT_VERSION = 1;
				DEVELOPMENT_TEAM = 9PGNALUY6R;
				GENERATE_INFOPLIST_FILE = YES;
				INFOPLIST_FILE = "Varfix-Test-Assignment/Info.plist";
				INFOPLIST_KEY_UIApplicationSupportsIndirectInputEvents = YES;
				INFOPLIST_KEY_UILaunchStoryboardName = LaunchScreen;
				INFOPLIST_KEY_UIMainStoryboardFile = Main;
				INFOPLIST_KEY_UISupportedInterfaceOrientations_iPad = "UIInterfaceOrientationPortrait UIInterfaceOrientationPortraitUpsideDown UIInterfaceOrientationLandscapeLeft UIInterfaceOrientationLandscapeRight";
				INFOPLIST_KEY_UISupportedInterfaceOrientations_iPhone = "UIInterfaceOrientationPortrait UIInterfaceOrientationLandscapeLeft UIInterfaceOrientationLandscapeRight";
				LD_RUNPATH_SEARCH_PATHS = (
					"$(inherited)",
					"@executable_path/Frameworks",
				);
				MARKETING_VERSION = 1.0;
				PRODUCT_BUNDLE_IDENTIFIER = "com.my.Varfix-Test-Assignment";
				PRODUCT_NAME = "$(TARGET_NAME)";
				SWIFT_EMIT_LOC_STRINGS = YES;
				SWIFT_VERSION = 5.0;
				TARGETED_DEVICE_FAMILY = "1,2";
			};
			name = Release;
		};
		3E7D3E402735D462001A48C8 /* Debug */ = {
			isa = XCBuildConfiguration;
			buildSettings = {
				ALWAYS_EMBED_SWIFT_STANDARD_LIBRARIES = YES;
				BUNDLE_LOADER = "$(TEST_HOST)";
				CODE_SIGN_STYLE = Automatic;
				CURRENT_PROJECT_VERSION = 1;
				DEVELOPMENT_TEAM = 9PGNALUY6R;
				GENERATE_INFOPLIST_FILE = YES;
				IPHONEOS_DEPLOYMENT_TARGET = 15.0;
				LD_RUNPATH_SEARCH_PATHS = (
					"$(inherited)",
					"@executable_path/Frameworks",
					"@loader_path/Frameworks",
				);
				MARKETING_VERSION = 1.0;
				PRODUCT_BUNDLE_IDENTIFIER = "com.my.Varfix-Test-AssignmentTests";
				PRODUCT_NAME = "$(TARGET_NAME)";
				SWIFT_EMIT_LOC_STRINGS = NO;
				SWIFT_VERSION = 5.0;
				TARGETED_DEVICE_FAMILY = "1,2";
				TEST_HOST = "$(BUILT_PRODUCTS_DIR)/Varfix-Test-Assignment.app/Varfix-Test-Assignment";
			};
			name = Debug;
		};
		3E7D3E412735D462001A48C8 /* Release */ = {
			isa = XCBuildConfiguration;
			buildSettings = {
				ALWAYS_EMBED_SWIFT_STANDARD_LIBRARIES = YES;
				BUNDLE_LOADER = "$(TEST_HOST)";
				CODE_SIGN_STYLE = Automatic;
				CURRENT_PROJECT_VERSION = 1;
				DEVELOPMENT_TEAM = 9PGNALUY6R;
				GENERATE_INFOPLIST_FILE = YES;
				IPHONEOS_DEPLOYMENT_TARGET = 15.0;
				LD_RUNPATH_SEARCH_PATHS = (
					"$(inherited)",
					"@executable_path/Frameworks",
					"@loader_path/Frameworks",
				);
				MARKETING_VERSION = 1.0;
				PRODUCT_BUNDLE_IDENTIFIER = "com.my.Varfix-Test-AssignmentTests";
				PRODUCT_NAME = "$(TARGET_NAME)";
				SWIFT_EMIT_LOC_STRINGS = NO;
				SWIFT_VERSION = 5.0;
				TARGETED_DEVICE_FAMILY = "1,2";
				TEST_HOST = "$(BUILT_PRODUCTS_DIR)/Varfix-Test-Assignment.app/Varfix-Test-Assignment";
			};
			name = Release;
		};
		3E7D3E432735D462001A48C8 /* Debug */ = {
			isa = XCBuildConfiguration;
			buildSettings = {
				ALWAYS_EMBED_SWIFT_STANDARD_LIBRARIES = YES;
				CODE_SIGN_STYLE = Automatic;
				CURRENT_PROJECT_VERSION = 1;
				DEVELOPMENT_TEAM = 9PGNALUY6R;
				GENERATE_INFOPLIST_FILE = YES;
				LD_RUNPATH_SEARCH_PATHS = (
					"$(inherited)",
					"@executable_path/Frameworks",
					"@loader_path/Frameworks",
				);
				MARKETING_VERSION = 1.0;
				PRODUCT_BUNDLE_IDENTIFIER = "com.my.Varfix-Test-AssignmentUITests";
				PRODUCT_NAME = "$(TARGET_NAME)";
				SWIFT_EMIT_LOC_STRINGS = NO;
				SWIFT_VERSION = 5.0;
				TARGETED_DEVICE_FAMILY = "1,2";
				TEST_TARGET_NAME = "Varfix-Test-Assignment";
			};
			name = Debug;
		};
		3E7D3E442735D462001A48C8 /* Release */ = {
			isa = XCBuildConfiguration;
			buildSettings = {
				ALWAYS_EMBED_SWIFT_STANDARD_LIBRARIES = YES;
				CODE_SIGN_STYLE = Automatic;
				CURRENT_PROJECT_VERSION = 1;
				DEVELOPMENT_TEAM = 9PGNALUY6R;
				GENERATE_INFOPLIST_FILE = YES;
				LD_RUNPATH_SEARCH_PATHS = (
					"$(inherited)",
					"@executable_path/Frameworks",
					"@loader_path/Frameworks",
				);
				MARKETING_VERSION = 1.0;
				PRODUCT_BUNDLE_IDENTIFIER = "com.my.Varfix-Test-AssignmentUITests";
				PRODUCT_NAME = "$(TARGET_NAME)";
				SWIFT_EMIT_LOC_STRINGS = NO;
				SWIFT_VERSION = 5.0;
				TARGETED_DEVICE_FAMILY = "1,2";
				TEST_TARGET_NAME = "Varfix-Test-Assignment";
			};
			name = Release;
		};
/* End XCBuildConfiguration section */

/* Begin XCConfigurationList section */
		3E7D3E0D2735D460001A48C8 /* Build configuration list for PBXProject "Varfix-Test-Assignment" */ = {
			isa = XCConfigurationList;
			buildConfigurations = (
				3E7D3E3A2735D462001A48C8 /* Debug */,
				3E7D3E3B2735D462001A48C8 /* Release */,
			);
			defaultConfigurationIsVisible = 0;
			defaultConfigurationName = Release;
		};
		3E7D3E3C2735D462001A48C8 /* Build configuration list for PBXNativeTarget "Varfix-Test-Assignment" */ = {
			isa = XCConfigurationList;
			buildConfigurations = (
				3E7D3E3D2735D462001A48C8 /* Debug */,
				3E7D3E3E2735D462001A48C8 /* Release */,
			);
			defaultConfigurationIsVisible = 0;
			defaultConfigurationName = Release;
		};
		3E7D3E3F2735D462001A48C8 /* Build configuration list for PBXNativeTarget "Varfix-Test-AssignmentTests" */ = {
			isa = XCConfigurationList;
			buildConfigurations = (
				3E7D3E402735D462001A48C8 /* Debug */,
				3E7D3E412735D462001A48C8 /* Release */,
			);
			defaultConfigurationIsVisible = 0;
			defaultConfigurationName = Release;
		};
		3E7D3E422735D462001A48C8 /* Build configuration list for PBXNativeTarget "Varfix-Test-AssignmentUITests" */ = {
			isa = XCConfigurationList;
			buildConfigurations = (
				3E7D3E432735D462001A48C8 /* Debug */,
				3E7D3E442735D462001A48C8 /* Release */,
			);
			defaultConfigurationIsVisible = 0;
			defaultConfigurationName = Release;
		};
/* End XCConfigurationList section */
	};
	rootObject = 3E7D3E0A2735D460001A48C8 /* Project object */;
}
